// !$*UTF8*$!
{
	archiveVersion = 1;
	classes = {
	};
	objectVersion = 55;
	objects = {

/* Begin PBXBuildFile section */
		B29B0DB22763406B00245E28 /* AppDelegate.swift in Sources */ = {isa = PBXBuildFile; fileRef = B29B0DB12763406B00245E28 /* AppDelegate.swift */; };
		B29B0DB42763406B00245E28 /* SceneDelegate.swift in Sources */ = {isa = PBXBuildFile; fileRef = B29B0DB32763406B00245E28 /* SceneDelegate.swift */; };
		B29B0DB62763406B00245E28 /* ViewController.swift in Sources */ = {isa = PBXBuildFile; fileRef = B29B0DB52763406B00245E28 /* ViewController.swift */; };
		B29B0DB92763406B00245E28 /* Main.storyboard in Resources */ = {isa = PBXBuildFile; fileRef = B29B0DB72763406B00245E28 /* Main.storyboard */; };
		B29B0DBC2763406B00245E28 /* finalappv2.xcdatamodeld in Sources */ = {isa = PBXBuildFile; fileRef = B29B0DBA2763406B00245E28 /* finalappv2.xcdatamodeld */; };
		B29B0DBE2763406D00245E28 /* Assets.xcassets in Resources */ = {isa = PBXBuildFile; fileRef = B29B0DBD2763406D00245E28 /* Assets.xcassets */; };
		B29B0DC12763406D00245E28 /* LaunchScreen.storyboard in Resources */ = {isa = PBXBuildFile; fileRef = B29B0DBF2763406D00245E28 /* LaunchScreen.storyboard */; };
		B29B0DCC2763406D00245E28 /* finalappv2Tests.swift in Sources */ = {isa = PBXBuildFile; fileRef = B29B0DCB2763406D00245E28 /* finalappv2Tests.swift */; };
		B29B0DD62763406D00245E28 /* finalappv2UITests.swift in Sources */ = {isa = PBXBuildFile; fileRef = B29B0DD52763406D00245E28 /* finalappv2UITests.swift */; };
		B29B0DD82763406D00245E28 /* finalappv2UITestsLaunchTests.swift in Sources */ = {isa = PBXBuildFile; fileRef = B29B0DD72763406D00245E28 /* finalappv2UITestsLaunchTests.swift */; };
/* End PBXBuildFile section */

/* Begin PBXContainerItemProxy section */
		B29B0DC82763406D00245E28 /* PBXContainerItemProxy */ = {
			isa = PBXContainerItemProxy;
			containerPortal = B29B0DA62763406B00245E28 /* Project object */;
			proxyType = 1;
			remoteGlobalIDString = B29B0DAD2763406B00245E28;
			remoteInfo = finalappv2;
		};
		B29B0DD22763406D00245E28 /* PBXContainerItemProxy */ = {
			isa = PBXContainerItemProxy;
			containerPortal = B29B0DA62763406B00245E28 /* Project object */;
			proxyType = 1;
			remoteGlobalIDString = B29B0DAD2763406B00245E28;
			remoteInfo = finalappv2;
		};
/* End PBXContainerItemProxy section */

/* Begin PBXFileReference section */
		B29B0DAE2763406B00245E28 /* finalappv2.app */ = {isa = PBXFileReference; explicitFileType = wrapper.application; includeInIndex = 0; path = finalappv2.app; sourceTree = BUILT_PRODUCTS_DIR; };
		B29B0DB12763406B00245E28 /* AppDelegate.swift */ = {isa = PBXFileReference; lastKnownFileType = sourcecode.swift; path = AppDelegate.swift; sourceTree = "<group>"; };
		B29B0DB32763406B00245E28 /* SceneDelegate.swift */ = {isa = PBXFileReference; lastKnownFileType = sourcecode.swift; path = SceneDelegate.swift; sourceTree = "<group>"; };
		B29B0DB52763406B00245E28 /* ViewController.swift */ = {isa = PBXFileReference; lastKnownFileType = sourcecode.swift; path = ViewController.swift; sourceTree = "<group>"; };
		B29B0DB82763406B00245E28 /* Base */ = {isa = PBXFileReference; lastKnownFileType = file.storyboard; name = Base; path = Base.lproj/Main.storyboard; sourceTree = "<group>"; };
		B29B0DBB2763406B00245E28 /* finalappv2.xcdatamodel */ = {isa = PBXFileReference; lastKnownFileType = wrapper.xcdatamodel; path = finalappv2.xcdatamodel; sourceTree = "<group>"; };
		B29B0DBD2763406D00245E28 /* Assets.xcassets */ = {isa = PBXFileReference; lastKnownFileType = folder.assetcatalog; path = Assets.xcassets; sourceTree = "<group>"; };
		B29B0DC02763406D00245E28 /* Base */ = {isa = PBXFileReference; lastKnownFileType = file.storyboard; name = Base; path = Base.lproj/LaunchScreen.storyboard; sourceTree = "<group>"; };
		B29B0DC22763406D00245E28 /* Info.plist */ = {isa = PBXFileReference; lastKnownFileType = text.plist.xml; path = Info.plist; sourceTree = "<group>"; };
		B29B0DC72763406D00245E28 /* finalappv2Tests.xctest */ = {isa = PBXFileReference; explicitFileType = wrapper.cfbundle; includeInIndex = 0; path = finalappv2Tests.xctest; sourceTree = BUILT_PRODUCTS_DIR; };
		B29B0DCB2763406D00245E28 /* finalappv2Tests.swift */ = {isa = PBXFileReference; lastKnownFileType = sourcecode.swift; path = finalappv2Tests.swift; sourceTree = "<group>"; };
		B29B0DD12763406D00245E28 /* finalappv2UITests.xctest */ = {isa = PBXFileReference; explicitFileType = wrapper.cfbundle; includeInIndex = 0; path = finalappv2UITests.xctest; sourceTree = BUILT_PRODUCTS_DIR; };
		B29B0DD52763406D00245E28 /* finalappv2UITests.swift */ = {isa = PBXFileReference; lastKnownFileType = sourcecode.swift; path = finalappv2UITests.swift; sourceTree = "<group>"; };
		B29B0DD72763406D00245E28 /* finalappv2UITestsLaunchTests.swift */ = {isa = PBXFileReference; lastKnownFileType = sourcecode.swift; path = finalappv2UITestsLaunchTests.swift; sourceTree = "<group>"; };
/* End PBXFileReference section */

/* Begin PBXFrameworksBuildPhase section */
		B29B0DAB2763406B00245E28 /* Frameworks */ = {
			isa = PBXFrameworksBuildPhase;
			buildActionMask = 2147483647;
			files = (
			);
			runOnlyForDeploymentPostprocessing = 0;
		};
		B29B0DC42763406D00245E28 /* Frameworks */ = {
			isa = PBXFrameworksBuildPhase;
			buildActionMask = 2147483647;
			files = (
			);
			runOnlyForDeploymentPostprocessing = 0;
		};
		B29B0DCE2763406D00245E28 /* Frameworks */ = {
			isa = PBXFrameworksBuildPhase;
			buildActionMask = 2147483647;
			files = (
			);
			runOnlyForDeploymentPostprocessing = 0;
		};
/* End PBXFrameworksBuildPhase section */

/* Begin PBXGroup section */
		B29B0DA52763406B00245E28 = {
			isa = PBXGroup;
			children = (
				B29B0DB02763406B00245E28 /* finalappv2 */,
				B29B0DCA2763406D00245E28 /* finalappv2Tests */,
				B29B0DD42763406D00245E28 /* finalappv2UITests */,
				B29B0DAF2763406B00245E28 /* Products */,
			);
			sourceTree = "<group>";
		};
		B29B0DAF2763406B00245E28 /* Products */ = {
			isa = PBXGroup;
			children = (
				B29B0DAE2763406B00245E28 /* finalappv2.app */,
				B29B0DC72763406D00245E28 /* finalappv2Tests.xctest */,
				B29B0DD12763406D00245E28 /* finalappv2UITests.xctest */,
			);
			name = Products;
			sourceTree = "<group>";
		};
		B29B0DB02763406B00245E28 /* finalappv2 */ = {
			isa = PBXGroup;
			children = (
				B29B0DB12763406B00245E28 /* AppDelegate.swift */,
				B29B0DB32763406B00245E28 /* SceneDelegate.swift */,
				B29B0DB52763406B00245E28 /* ViewController.swift */,
				B29B0DB72763406B00245E28 /* Main.storyboard */,
				B29B0DBD2763406D00245E28 /* Assets.xcassets */,
				B29B0DBF2763406D00245E28 /* LaunchScreen.storyboard */,
				B29B0DC22763406D00245E28 /* Info.plist */,
				B29B0DBA2763406B00245E28 /* finalappv2.xcdatamodeld */,
			);
			path = finalappv2;
			sourceTree = "<group>";
		};
		B29B0DCA2763406D00245E28 /* finalappv2Tests */ = {
			isa = PBXGroup;
			children = (
				B29B0DCB2763406D00245E28 /* finalappv2Tests.swift */,
			);
			path = finalappv2Tests;
			sourceTree = "<group>";
		};
		B29B0DD42763406D00245E28 /* finalappv2UITests */ = {
			isa = PBXGroup;
			children = (
				B29B0DD52763406D00245E28 /* finalappv2UITests.swift */,
				B29B0DD72763406D00245E28 /* finalappv2UITestsLaunchTests.swift */,
			);
			path = finalappv2UITests;
			sourceTree = "<group>";
		};
/* End PBXGroup section */

/* Begin PBXNativeTarget section */
		B29B0DAD2763406B00245E28 /* finalappv2 */ = {
			isa = PBXNativeTarget;
			buildConfigurationList = B29B0DDB2763406D00245E28 /* Build configuration list for PBXNativeTarget "finalappv2" */;
			buildPhases = (
				B29B0DAA2763406B00245E28 /* Sources */,
				B29B0DAB2763406B00245E28 /* Frameworks */,
				B29B0DAC2763406B00245E28 /* Resources */,
			);
			buildRules = (
			);
			dependencies = (
			);
			name = finalappv2;
			productName = finalappv2;
			productReference = B29B0DAE2763406B00245E28 /* finalappv2.app */;
			productType = "com.apple.product-type.application";
		};
		B29B0DC62763406D00245E28 /* finalappv2Tests */ = {
			isa = PBXNativeTarget;
			buildConfigurationList = B29B0DDE2763406D00245E28 /* Build configuration list for PBXNativeTarget "finalappv2Tests" */;
			buildPhases = (
				B29B0DC32763406D00245E28 /* Sources */,
				B29B0DC42763406D00245E28 /* Frameworks */,
				B29B0DC52763406D00245E28 /* Resources */,
			);
			buildRules = (
			);
			dependencies = (
				B29B0DC92763406D00245E28 /* PBXTargetDependency */,
			);
			name = finalappv2Tests;
			productName = finalappv2Tests;
			productReference = B29B0DC72763406D00245E28 /* finalappv2Tests.xctest */;
			productType = "com.apple.product-type.bundle.unit-test";
		};
		B29B0DD02763406D00245E28 /* finalappv2UITests */ = {
			isa = PBXNativeTarget;
			buildConfigurationList = B29B0DE12763406D00245E28 /* Build configuration list for PBXNativeTarget "finalappv2UITests" */;
			buildPhases = (
				B29B0DCD2763406D00245E28 /* Sources */,
				B29B0DCE2763406D00245E28 /* Frameworks */,
				B29B0DCF2763406D00245E28 /* Resources */,
			);
			buildRules = (
			);
			dependencies = (
				B29B0DD32763406D00245E28 /* PBXTargetDependency */,
			);
			name = finalappv2UITests;
			productName = finalappv2UITests;
			productReference = B29B0DD12763406D00245E28 /* finalappv2UITests.xctest */;
			productType = "com.apple.product-type.bundle.ui-testing";
		};
/* End PBXNativeTarget section */

/* Begin PBXProject section */
		B29B0DA62763406B00245E28 /* Project object */ = {
			isa = PBXProject;
			attributes = {
				BuildIndependentTargetsInParallel = 1;
				LastSwiftUpdateCheck = 1310;
				LastUpgradeCheck = 1310;
				TargetAttributes = {
					B29B0DAD2763406B00245E28 = {
						CreatedOnToolsVersion = 13.1;
					};
					B29B0DC62763406D00245E28 = {
						CreatedOnToolsVersion = 13.1;
						TestTargetID = B29B0DAD2763406B00245E28;
					};
					B29B0DD02763406D00245E28 = {
						CreatedOnToolsVersion = 13.1;
						TestTargetID = B29B0DAD2763406B00245E28;
					};
				};
			};
			buildConfigurationList = B29B0DA92763406B00245E28 /* Build configuration list for PBXProject "finalappv2" */;
			compatibilityVersion = "Xcode 13.0";
			developmentRegion = en;
			hasScannedForEncodings = 0;
			knownRegions = (
				en,
				Base,
			);
			mainGroup = B29B0DA52763406B00245E28;
			productRefGroup = B29B0DAF2763406B00245E28 /* Products */;
			projectDirPath = "";
			projectRoot = "";
			targets = (
				B29B0DAD2763406B00245E28 /* finalappv2 */,
				B29B0DC62763406D00245E28 /* finalappv2Tests */,
				B29B0DD02763406D00245E28 /* finalappv2UITests */,
			);
		};
/* End PBXProject section */

/* Begin PBXResourcesBuildPhase section */
		B29B0DAC2763406B00245E28 /* Resources */ = {
			isa = PBXResourcesBuildPhase;
			buildActionMask = 2147483647;
			files = (
				B29B0DC12763406D00245E28 /* LaunchScreen.storyboard in Resources */,
				B29B0DBE2763406D00245E28 /* Assets.xcassets in Resources */,
				B29B0DB92763406B00245E28 /* Main.storyboard in Resources */,
			);
			runOnlyForDeploymentPostprocessing = 0;
		};
		B29B0DC52763406D00245E28 /* Resources */ = {
			isa = PBXResourcesBuildPhase;
			buildActionMask = 2147483647;
			files = (
			);
			runOnlyForDeploymentPostprocessing = 0;
		};
		B29B0DCF2763406D00245E28 /* Resources */ = {
			isa = PBXResourcesBuildPhase;
			buildActionMask = 2147483647;
			files = (
			);
			runOnlyForDeploymentPostprocessing = 0;
		};
/* End PBXResourcesBuildPhase section */

/* Begin PBXSourcesBuildPhase section */
		B29B0DAA2763406B00245E28 /* Sources */ = {
			isa = PBXSourcesBuildPhase;
			buildActionMask = 2147483647;
			files = (
				B29B0DB62763406B00245E28 /* ViewController.swift in Sources */,
				B29B0DB22763406B00245E28 /* AppDelegate.swift in Sources */,
				B29B0DBC2763406B00245E28 /* finalappv2.xcdatamodeld in Sources */,
				B29B0DB42763406B00245E28 /* SceneDelegate.swift in Sources */,
			);
			runOnlyForDeploymentPostprocessing = 0;
		};
		B29B0DC32763406D00245E28 /* Sources */ = {
			isa = PBXSourcesBuildPhase;
			buildActionMask = 2147483647;
			files = (
				B29B0DCC2763406D00245E28 /* finalappv2Tests.swift in Sources */,
			);
			runOnlyForDeploymentPostprocessing = 0;
		};
		B29B0DCD2763406D00245E28 /* Sources */ = {
			isa = PBXSourcesBuildPhase;
			buildActionMask = 2147483647;
			files = (
				B29B0DD62763406D00245E28 /* finalappv2UITests.swift in Sources */,
				B29B0DD82763406D00245E28 /* finalappv2UITestsLaunchTests.swift in Sources */,
			);
			runOnlyForDeploymentPostprocessing = 0;
		};
/* End PBXSourcesBuildPhase section */

/* Begin PBXTargetDependency section */
		B29B0DC92763406D00245E28 /* PBXTargetDependency */ = {
			isa = PBXTargetDependency;
			target = B29B0DAD2763406B00245E28 /* finalappv2 */;
			targetProxy = B29B0DC82763406D00245E28 /* PBXContainerItemProxy */;
		};
		B29B0DD32763406D00245E28 /* PBXTargetDependency */ = {
			isa = PBXTargetDependency;
			target = B29B0DAD2763406B00245E28 /* finalappv2 */;
			targetProxy = B29B0DD22763406D00245E28 /* PBXContainerItemProxy */;
		};
/* End PBXTargetDependency section */

/* Begin PBXVariantGroup section */
		B29B0DB72763406B00245E28 /* Main.storyboard */ = {
			isa = PBXVariantGroup;
			children = (
				B29B0DB82763406B00245E28 /* Base */,
			);
			name = Main.storyboard;
			sourceTree = "<group>";
		};
		B29B0DBF2763406D00245E28 /* LaunchScreen.storyboard */ = {
			isa = PBXVariantGroup;
			children = (
				B29B0DC02763406D00245E28 /* Base */,
			);
			name = LaunchScreen.storyboard;
			sourceTree = "<group>";
		};
/* End PBXVariantGroup section */

/* Begin XCBuildConfiguration section */
		B29B0DD92763406D00245E28 /* Debug */ = {
			isa = XCBuildConfiguration;
			buildSettings = {
				ALWAYS_SEARCH_USER_PATHS = NO;
				CLANG_ANALYZER_NONNULL = YES;
				CLANG_ANALYZER_NUMBER_OBJECT_CONVERSION = YES_AGGRESSIVE;
				CLANG_CXX_LANGUAGE_STANDARD = "gnu++17";
				CLANG_CXX_LIBRARY = "libc++";
				CLANG_ENABLE_MODULES = YES;
				CLANG_ENABLE_OBJC_ARC = YES;
				CLANG_ENABLE_OBJC_WEAK = YES;
				CLANG_WARN_BLOCK_CAPTURE_AUTORELEASING = YES;
				CLANG_WARN_BOOL_CONVERSION = YES;
				CLANG_WARN_COMMA = YES;
				CLANG_WARN_CONSTANT_CONVERSION = YES;
				CLANG_WARN_DEPRECATED_OBJC_IMPLEMENTATIONS = YES;
				CLANG_WARN_DIRECT_OBJC_ISA_USAGE = YES_ERROR;
				CLANG_WARN_DOCUMENTATION_COMMENTS = YES;
				CLANG_WARN_EMPTY_BODY = YES;
				CLANG_WARN_ENUM_CONVERSION = YES;
				CLANG_WARN_INFINITE_RECURSION = YES;
				CLANG_WARN_INT_CONVERSION = YES;
				CLANG_WARN_NON_LITERAL_NULL_CONVERSION = YES;
				CLANG_WARN_OBJC_IMPLICIT_RETAIN_SELF = YES;
				CLANG_WARN_OBJC_LITERAL_CONVERSION = YES;
				CLANG_WARN_OBJC_ROOT_CLASS = YES_ERROR;
				CLANG_WARN_QUOTED_INCLUDE_IN_FRAMEWORK_HEADER = YES;
				CLANG_WARN_RANGE_LOOP_ANALYSIS = YES;
				CLANG_WARN_STRICT_PROTOTYPES = YES;
				CLANG_WARN_SUSPICIOUS_MOVE = YES;
				CLANG_WARN_UNGUARDED_AVAILABILITY = YES_AGGRESSIVE;
				CLANG_WARN_UNREACHABLE_CODE = YES;
				CLANG_WARN__DUPLICATE_METHOD_MATCH = YES;
				COPY_PHASE_STRIP = NO;
				DEBUG_INFORMATION_FORMAT = dwarf;
				ENABLE_STRICT_OBJC_MSGSEND = YES;
				ENABLE_TESTABILITY = YES;
				GCC_C_LANGUAGE_STANDARD = gnu11;
				GCC_DYNAMIC_NO_PIC = NO;
				GCC_NO_COMMON_BLOCKS = YES;
				GCC_OPTIMIZATION_LEVEL = 0;
				GCC_PREPROCESSOR_DEFINITIONS = (
					"DEBUG=1",
					"$(inherited)",
				);
				GCC_WARN_64_TO_32_BIT_CONVERSION = YES;
				GCC_WARN_ABOUT_RETURN_TYPE = YES_ERROR;
				GCC_WARN_UNDECLARED_SELECTOR = YES;
				GCC_WARN_UNINITIALIZED_AUTOS = YES_AGGRESSIVE;
				GCC_WARN_UNUSED_FUNCTION = YES;
				GCC_WARN_UNUSED_VARIABLE = YES;
				IPHONEOS_DEPLOYMENT_TARGET = 15.0;
				MTL_ENABLE_DEBUG_INFO = INCLUDE_SOURCE;
				MTL_FAST_MATH = YES;
				ONLY_ACTIVE_ARCH = YES;
				SDKROOT = iphoneos;
				SWIFT_ACTIVE_COMPILATION_CONDITIONS = DEBUG;
				SWIFT_OPTIMIZATION_LEVEL = "-Onone";
			};
			name = Debug;
		};
		B29B0DDA2763406D00245E28 /* Release */ = {
			isa = XCBuildConfiguration;
			buildSettings = {
				ALWAYS_SEARCH_USER_PATHS = NO;
				CLANG_ANALYZER_NONNULL = YES;
				CLANG_ANALYZER_NUMBER_OBJECT_CONVERSION = YES_AGGRESSIVE;
				CLANG_CXX_LANGUAGE_STANDARD = "gnu++17";
				CLANG_CXX_LIBRARY = "libc++";
				CLANG_ENABLE_MODULES = YES;
				CLANG_ENABLE_OBJC_ARC = YES;
				CLANG_ENABLE_OBJC_WEAK = YES;
				CLANG_WARN_BLOCK_CAPTURE_AUTORELEASING = YES;
				CLANG_WARN_BOOL_CONVERSION = YES;
				CLANG_WARN_COMMA = YES;
				CLANG_WARN_CONSTANT_CONVERSION = YES;
				CLANG_WARN_DEPRECATED_OBJC_IMPLEMENTATIONS = YES;
				CLANG_WARN_DIRECT_OBJC_ISA_USAGE = YES_ERROR;
				CLANG_WARN_DOCUMENTATION_COMMENTS = YES;
				CLANG_WARN_EMPTY_BODY = YES;
				CLANG_WARN_ENUM_CONVERSION = YES;
				CLANG_WARN_INFINITE_RECURSION = YES;
				CLANG_WARN_INT_CONVERSION = YES;
				CLANG_WARN_NON_LITERAL_NULL_CONVERSION = YES;
				CLANG_WARN_OBJC_IMPLICIT_RETAIN_SELF = YES;
				CLANG_WARN_OBJC_LITERAL_CONVERSION = YES;
				CLANG_WARN_OBJC_ROOT_CLASS = YES_ERROR;
				CLANG_WARN_QUOTED_INCLUDE_IN_FRAMEWORK_HEADER = YES;
				CLANG_WARN_RANGE_LOOP_ANALYSIS = YES;
				CLANG_WARN_STRICT_PROTOTYPES = YES;
				CLANG_WARN_SUSPICIOUS_MOVE = YES;
				CLANG_WARN_UNGUARDED_AVAILABILITY = YES_AGGRESSIVE;
				CLANG_WARN_UNREACHABLE_CODE = YES;
				CLANG_WARN__DUPLICATE_METHOD_MATCH = YES;
				COPY_PHASE_STRIP = NO;
				DEBUG_INFORMATION_FORMAT = "dwarf-with-dsym";
				ENABLE_NS_ASSERTIONS = NO;
				ENABLE_STRICT_OBJC_MSGSEND = YES;
				GCC_C_LANGUAGE_STANDARD = gnu11;
				GCC_NO_COMMON_BLOCKS = YES;
				GCC_WARN_64_TO_32_BIT_CONVERSION = YES;
				GCC_WARN_ABOUT_RETURN_TYPE = YES_ERROR;
				GCC_WARN_UNDECLARED_SELECTOR = YES;
				GCC_WARN_UNINITIALIZED_AUTOS = YES_AGGRESSIVE;
				GCC_WARN_UNUSED_FUNCTION = YES;
				GCC_WARN_UNUSED_VARIABLE = YES;
				IPHONEOS_DEPLOYMENT_TARGET = 15.0;
				MTL_ENABLE_DEBUG_INFO = NO;
				MTL_FAST_MATH = YES;
				SDKROOT = iphoneos;
				SWIFT_COMPILATION_MODE = wholemodule;
				SWIFT_OPTIMIZATION_LEVEL = "-O";
				VALIDATE_PRODUCT = YES;
			};
			name = Release;
		};
		B29B0DDC2763406D00245E28 /* Debug */ = {
			isa = XCBuildConfiguration;
			buildSettings = {
				ASSETCATALOG_COMPILER_APPICON_NAME = AppIcon;
				ASSETCATALOG_COMPILER_GLOBAL_ACCENT_COLOR_NAME = AccentColor;
				CODE_SIGN_STYLE = Automatic;
				CURRENT_PROJECT_VERSION = 1;
				GENERATE_INFOPLIST_FILE = YES;
				INFOPLIST_FILE = finalappv2/Info.plist;
				INFOPLIST_KEY_UIApplicationSupportsIndirectInputEvents = YES;
				INFOPLIST_KEY_UILaunchStoryboardName = LaunchScreen;
				INFOPLIST_KEY_UIMainStoryboardFile = Main;
				INFOPLIST_KEY_UISupportedInterfaceOrientations_iPad = "UIInterfaceOrientationPortrait UIInterfaceOrientationPortraitUpsideDown UIInterfaceOrientationLandscapeLeft UIInterfaceOrientationLandscapeRight";
				INFOPLIST_KEY_UISupportedInterfaceOrientations_iPhone = "UIInterfaceOrientationPortrait UIInterfaceOrientationLandscapeLeft UIInterfaceOrientationLandscapeRight";
				LD_RUNPATH_SEARCH_PATHS = (
					"$(inherited)",
					"@executable_path/Frameworks",
				);
				MARKETING_VERSION = 1.0;
				PRODUCT_BUNDLE_IDENTIFIER = edu.rockvalleycollege.finalappv2;
				PRODUCT_NAME = "$(TARGET_NAME)";
				SWIFT_EMIT_LOC_STRINGS = YES;
				SWIFT_VERSION = 5.0;
				TARGETED_DEVICE_FAMILY = "1,2";
			};
			name = Debug;
		};
		B29B0DDD2763406D00245E28 /* Release */ = {
			isa = XCBuildConfiguration;
			buildSettings = {
				ASSETCATALOG_COMPILER_APPICON_NAME = AppIcon;
				ASSETCATALOG_COMPILER_GLOBAL_ACCENT_COLOR_NAME = AccentColor;
				CODE_SIGN_STYLE = Automatic;
				CURRENT_PROJECT_VERSION = 1;
				GENERATE_INFOPLIST_FILE = YES;
				INFOPLIST_FILE = finalappv2/Info.plist;
				INFOPLIST_KEY_UIApplicationSupportsIndirectInputEvents = YES;
				INFOPLIST_KEY_UILaunchStoryboardName = LaunchScreen;
				INFOPLIST_KEY_UIMainStoryboardFile = Main;
				INFOPLIST_KEY_UISupportedInterfaceOrientations_iPad = "UIInterfaceOrientationPortrait UIInterfaceOrientationPortraitUpsideDown UIInterfaceOrientationLandscapeLeft UIInterfaceOrientationLandscapeRight";
				INFOPLIST_KEY_UISupportedInterfaceOrientations_iPhone = "UIInterfaceOrientationPortrait UIInterfaceOrientationLandscapeLeft UIInterfaceOrientationLandscapeRight";
				LD_RUNPATH_SEARCH_PATHS = (
					"$(inherited)",
					"@executable_path/Frameworks",
				);
				MARKETING_VERSION = 1.0;
				PRODUCT_BUNDLE_IDENTIFIER = edu.rockvalleycollege.finalappv2;
				PRODUCT_NAME = "$(TARGET_NAME)";
				SWIFT_EMIT_LOC_STRINGS = YES;
				SWIFT_VERSION = 5.0;
				TARGETED_DEVICE_FAMILY = "1,2";
			};
			name = Release;
		};
		B29B0DDF2763406D00245E28 /* Debug */ = {
			isa = XCBuildConfiguration;
			buildSettings = {
				ALWAYS_EMBED_SWIFT_STANDARD_LIBRARIES = YES;
				BUNDLE_LOADER = "$(TEST_HOST)";
				CODE_SIGN_STYLE = Automatic;
				CURRENT_PROJECT_VERSION = 1;
				GENERATE_INFOPLIST_FILE = YES;
				IPHONEOS_DEPLOYMENT_TARGET = 15.0;
				LD_RUNPATH_SEARCH_PATHS = (
					"$(inherited)",
					"@executable_path/Frameworks",
					"@loader_path/Frameworks",
				);
				MARKETING_VERSION = 1.0;
				PRODUCT_BUNDLE_IDENTIFIER = edu.rockvalleycollege.finalappv2Tests;
				PRODUCT_NAME = "$(TARGET_NAME)";
				SWIFT_EMIT_LOC_STRINGS = NO;
				SWIFT_VERSION = 5.0;
				TARGETED_DEVICE_FAMILY = "1,2";
				TEST_HOST = "$(BUILT_PRODUCTS_DIR)/finalappv2.app/finalappv2";
			};
			name = Debug;
		};
		B29B0DE02763406D00245E28 /* Release */ = {
			isa = XCBuildConfiguration;
			buildSettings = {
				ALWAYS_EMBED_SWIFT_STANDARD_LIBRARIES = YES;
				BUNDLE_LOADER = "$(TEST_HOST)";
				CODE_SIGN_STYLE = Automatic;
				CURRENT_PROJECT_VERSION = 1;
				GENERATE_INFOPLIST_FILE = YES;
				IPHONEOS_DEPLOYMENT_TARGET = 15.0;
				LD_RUNPATH_SEARCH_PATHS = (
					"$(inherited)",
					"@executable_path/Frameworks",
					"@loader_path/Frameworks",
				);
				MARKETING_VERSION = 1.0;
				PRODUCT_BUNDLE_IDENTIFIER = edu.rockvalleycollege.finalappv2Tests;
				PRODUCT_NAME = "$(TARGET_NAME)";
				SWIFT_EMIT_LOC_STRINGS = NO;
				SWIFT_VERSION = 5.0;
				TARGETED_DEVICE_FAMILY = "1,2";
				TEST_HOST = "$(BUILT_PRODUCTS_DIR)/finalappv2.app/finalappv2";
			};
			name = Release;
		};
		B29B0DE22763406D00245E28 /* Debug */ = {
			isa = XCBuildConfiguration;
			buildSettings = {
				ALWAYS_EMBED_SWIFT_STANDARD_LIBRARIES = YES;
				CODE_SIGN_STYLE = Automatic;
				CURRENT_PROJECT_VERSION = 1;
				GENERATE_INFOPLIST_FILE = YES;
				LD_RUNPATH_SEARCH_PATHS = (
					"$(inherited)",
					"@executable_path/Frameworks",
					"@loader_path/Frameworks",
				);
				MARKETING_VERSION = 1.0;
				PRODUCT_BUNDLE_IDENTIFIER = edu.rockvalleycollege.finalappv2UITests;
				PRODUCT_NAME = "$(TARGET_NAME)";
				SWIFT_EMIT_LOC_STRINGS = NO;
				SWIFT_VERSION = 5.0;
				TARGETED_DEVICE_FAMILY = "1,2";
				TEST_TARGET_NAME = finalappv2;
			};
			name = Debug;
		};
		B29B0DE32763406D00245E28 /* Release */ = {
			isa = XCBuildConfiguration;
			buildSettings = {
				ALWAYS_EMBED_SWIFT_STANDARD_LIBRARIES = YES;
				CODE_SIGN_STYLE = Automatic;
				CURRENT_PROJECT_VERSION = 1;
				GENERATE_INFOPLIST_FILE = YES;
				LD_RUNPATH_SEARCH_PATHS = (
					"$(inherited)",
					"@executable_path/Frameworks",
					"@loader_path/Frameworks",
				);
				MARKETING_VERSION = 1.0;
				PRODUCT_BUNDLE_IDENTIFIER = edu.rockvalleycollege.finalappv2UITests;
				PRODUCT_NAME = "$(TARGET_NAME)";
				SWIFT_EMIT_LOC_STRINGS = NO;
				SWIFT_VERSION = 5.0;
				TARGETED_DEVICE_FAMILY = "1,2";
				TEST_TARGET_NAME = finalappv2;
			};
			name = Release;
		};
/* End XCBuildConfiguration section */

/* Begin XCConfigurationList section */
		B29B0DA92763406B00245E28 /* Build configuration list for PBXProject "finalappv2" */ = {
			isa = XCConfigurationList;
			buildConfigurations = (
				B29B0DD92763406D00245E28 /* Debug */,
				B29B0DDA2763406D00245E28 /* Release */,
			);
			defaultConfigurationIsVisible = 0;
			defaultConfigurationName = Release;
		};
		B29B0DDB2763406D00245E28 /* Build configuration list for PBXNativeTarget "finalappv2" */ = {
			isa = XCConfigurationList;
			buildConfigurations = (
				B29B0DDC2763406D00245E28 /* Debug */,
				B29B0DDD2763406D00245E28 /* Release */,
			);
			defaultConfigurationIsVisible = 0;
			defaultConfigurationName = Release;
		};
		B29B0DDE2763406D00245E28 /* Build configuration list for PBXNativeTarget "finalappv2Tests" */ = {
			isa = XCConfigurationList;
			buildConfigurations = (
				B29B0DDF2763406D00245E28 /* Debug */,
				B29B0DE02763406D00245E28 /* Release */,
			);
			defaultConfigurationIsVisible = 0;
			defaultConfigurationName = Release;
		};
		B29B0DE12763406D00245E28 /* Build configuration list for PBXNativeTarget "finalappv2UITests" */ = {
			isa = XCConfigurationList;
			buildConfigurations = (
				B29B0DE22763406D00245E28 /* Debug */,
				B29B0DE32763406D00245E28 /* Release */,
			);
			defaultConfigurationIsVisible = 0;
			defaultConfigurationName = Release;
		};
/* End XCConfigurationList section */

/* Begin XCVersionGroup section */
		B29B0DBA2763406B00245E28 /* finalappv2.xcdatamodeld */ = {
			isa = XCVersionGroup;
			children = (
				B29B0DBB2763406B00245E28 /* finalappv2.xcdatamodel */,
			);
			currentVersion = B29B0DBB2763406B00245E28 /* finalappv2.xcdatamodel */;
			path = finalappv2.xcdatamodeld;
			sourceTree = "<group>";
			versionGroupType = wrapper.xcdatamodel;
		};
/* End XCVersionGroup section */
	};
	rootObject = B29B0DA62763406B00245E28 /* Project object */;
}
